
Microsoft Visual Studio Solution File, Format Version 12.00
# Visual Studio Version 16
VisualStudioVersion = 16.0.30523.141
MinimumVisualStudioVersion = 10.0.40219.1
Project("{FAE04EC0-301F-11D3-BF4B-00C04F79EFBC}") = "Ut3Ejercicio3", "Ut3Ejercicio3\Ut3Ejercicio3.csproj", "{80C2BB34-F7E4-4803-BB45-DFF973DFD5DE}"
EndProject
Global
	GlobalSection(SolutionConfigurationPlatforms) = preSolution
		Debug|Any CPU = Debug|Any CPU
		Release|Any CPU = Release|Any CPU
	EndGlobalSection
	GlobalSection(ProjectConfigurationPlatforms) = postSolution
		{80C2BB34-F7E4-4803-BB45-DFF973DFD5DE}.Debug|Any CPU.ActiveCfg = Debug|Any CPU
		{80C2BB34-F7E4-4803-BB45-DFF973DFD5DE}.Debug|Any CPU.Build.0 = Debug|Any CPU
		{80C2BB34-F7E4-4803-BB45-DFF973DFD5DE}.Release|Any CPU.ActiveCfg = Release|Any CPU
		{80C2BB34-F7E4-4803-BB45-DFF973DFD5DE}.Release|Any CPU.Build.0 = Release|Any CPU
	EndGlobalSection
	GlobalSection(SolutionProperties) = preSolution
		HideSolutionNode = FALSE
	EndGlobalSection
	GlobalSection(ExtensibilityGlobals) = postSolution
		SolutionGuid = {7AFC82DD-C7FE-455C-9CC1-BAC3562DE781}
	EndGlobalSection
EndGlobal
